// !$*UTF8*$!
{
	archiveVersion = 1;
	classes = {
	};
	objectVersion = 46;
	objects = {

/* Begin PBXBuildFile section */
		DA100D871DE558450000041F /* ListViewController.swift in Sources */ = {isa = PBXBuildFile; fileRef = DA100D861DE558450000041F /* ListViewController.swift */; };
		DA7D0EDA1DDBE6D000D12BEF /* StudentsData.swift in Sources */ = {isa = PBXBuildFile; fileRef = DA7D0ED91DDBE6D000D12BEF /* StudentsData.swift */; };
		DA7D0EDC1DDBE76A00D12BEF /* StudentDetails.swift in Sources */ = {isa = PBXBuildFile; fileRef = DA7D0EDB1DDBE76A00D12BEF /* StudentDetails.swift */; };
		DA7D0EDE1DDC034600D12BEF /* MapViewController.swift in Sources */ = {isa = PBXBuildFile; fileRef = DA7D0EDD1DDC034600D12BEF /* MapViewController.swift */; };
		DA8982CC1DD97B25003F5F8E /* UdacityAPI.swift in Sources */ = {isa = PBXBuildFile; fileRef = DA8982CB1DD97B25003F5F8E /* UdacityAPI.swift */; };
		DA9AAEBD1DE746F400D87498 /* TextFieldDelegate.swift in Sources */ = {isa = PBXBuildFile; fileRef = DA9AAEBC1DE746F400D87498 /* TextFieldDelegate.swift */; };
		DA9D72FA1DE60DC600676254 /* Bolts.framework in Frameworks */ = {isa = PBXBuildFile; fileRef = DA9D72F91DE60DC600676254 /* Bolts.framework */; };
		DA9D72FC1DE60DE800676254 /* FBSDKLoginKit.framework in Frameworks */ = {isa = PBXBuildFile; fileRef = DA9D72FB1DE60DE800676254 /* FBSDKLoginKit.framework */; };
		DA9D72FE1DE60DFC00676254 /* FBSDKShareKit.framework in Frameworks */ = {isa = PBXBuildFile; fileRef = DA9D72FD1DE60DFC00676254 /* FBSDKShareKit.framework */; };
		DA9D73001DE60E0900676254 /* FBSDKCoreKit.framework in Frameworks */ = {isa = PBXBuildFile; fileRef = DA9D72FF1DE60E0900676254 /* FBSDKCoreKit.framework */; };
		DAA22E231DDED21B00943546 /* AddStudentLocation.swift in Sources */ = {isa = PBXBuildFile; fileRef = DAA22E221DDED21B00943546 /* AddStudentLocation.swift */; };
		DAC913D01DE4901E00AB6A95 /* MapListSettings.swift in Sources */ = {isa = PBXBuildFile; fileRef = DAC913CF1DE4901E00AB6A95 /* MapListSettings.swift */; };
		DACD94791DDCC130005C65BB /* Browser.swift in Sources */ = {isa = PBXBuildFile; fileRef = DACD94781DDCC130005C65BB /* Browser.swift */; };
		DAD3ABF11DE346A0004D1DA7 /* GCDBlackBox.swift in Sources */ = {isa = PBXBuildFile; fileRef = DAD3ABF01DE346A0004D1DA7 /* GCDBlackBox.swift */; };
		DADCC7971DDAB203005970E0 /* Constants.swift in Sources */ = {isa = PBXBuildFile; fileRef = DADCC7961DDAB203005970E0 /* Constants.swift */; };
		DADCC7991DDABBDA005970E0 /* ParseAPI.swift in Sources */ = {isa = PBXBuildFile; fileRef = DADCC7981DDABBDA005970E0 /* ParseAPI.swift */; };
		DADCC79B1DDAD420005970E0 /* Alerts.swift in Sources */ = {isa = PBXBuildFile; fileRef = DADCC79A1DDAD420005970E0 /* Alerts.swift */; };
		DAFB40441DD5A8AE006CAB0E /* AppDelegate.swift in Sources */ = {isa = PBXBuildFile; fileRef = DAFB40431DD5A8AE006CAB0E /* AppDelegate.swift */; };
		DAFB40461DD5A8AE006CAB0E /* LoginViewController.swift in Sources */ = {isa = PBXBuildFile; fileRef = DAFB40451DD5A8AE006CAB0E /* LoginViewController.swift */; };
		DAFB40491DD5A8AE006CAB0E /* Main.storyboard in Resources */ = {isa = PBXBuildFile; fileRef = DAFB40471DD5A8AE006CAB0E /* Main.storyboard */; };
		DAFB404B1DD5A8AE006CAB0E /* Assets.xcassets in Resources */ = {isa = PBXBuildFile; fileRef = DAFB404A1DD5A8AE006CAB0E /* Assets.xcassets */; };
		DAFB404E1DD5A8AE006CAB0E /* LaunchScreen.storyboard in Resources */ = {isa = PBXBuildFile; fileRef = DAFB404C1DD5A8AE006CAB0E /* LaunchScreen.storyboard */; };
		DAFB40591DD5A8AE006CAB0E /* On_The_MapTests.swift in Sources */ = {isa = PBXBuildFile; fileRef = DAFB40581DD5A8AE006CAB0E /* On_The_MapTests.swift */; };
		DAFB40641DD5A8AE006CAB0E /* On_The_MapUITests.swift in Sources */ = {isa = PBXBuildFile; fileRef = DAFB40631DD5A8AE006CAB0E /* On_The_MapUITests.swift */; };
/* End PBXBuildFile section */

/* Begin PBXContainerItemProxy section */
		DAFB40551DD5A8AE006CAB0E /* PBXContainerItemProxy */ = {
			isa = PBXContainerItemProxy;
			containerPortal = DAFB40381DD5A8AE006CAB0E /* Project object */;
			proxyType = 1;
			remoteGlobalIDString = DAFB403F1DD5A8AE006CAB0E;
			remoteInfo = "On The Map";
		};
		DAFB40601DD5A8AE006CAB0E /* PBXContainerItemProxy */ = {
			isa = PBXContainerItemProxy;
			containerPortal = DAFB40381DD5A8AE006CAB0E /* Project object */;
			proxyType = 1;
			remoteGlobalIDString = DAFB403F1DD5A8AE006CAB0E;
			remoteInfo = "On The Map";
		};
/* End PBXContainerItemProxy section */

/* Begin PBXFileReference section */
		DA100D861DE558450000041F /* ListViewController.swift */ = {isa = PBXFileReference; fileEncoding = 4; lastKnownFileType = sourcecode.swift; path = ListViewController.swift; sourceTree = "<group>"; };
		DA7D0ED91DDBE6D000D12BEF /* StudentsData.swift */ = {isa = PBXFileReference; fileEncoding = 4; lastKnownFileType = sourcecode.swift; path = StudentsData.swift; sourceTree = "<group>"; };
		DA7D0EDB1DDBE76A00D12BEF /* StudentDetails.swift */ = {isa = PBXFileReference; fileEncoding = 4; lastKnownFileType = sourcecode.swift; path = StudentDetails.swift; sourceTree = "<group>"; };
		DA7D0EDD1DDC034600D12BEF /* MapViewController.swift */ = {isa = PBXFileReference; fileEncoding = 4; lastKnownFileType = sourcecode.swift; path = MapViewController.swift; sourceTree = "<group>"; };
		DA8982CB1DD97B25003F5F8E /* UdacityAPI.swift */ = {isa = PBXFileReference; fileEncoding = 4; lastKnownFileType = sourcecode.swift; path = UdacityAPI.swift; sourceTree = "<group>"; };
		DA9AAEBC1DE746F400D87498 /* TextFieldDelegate.swift */ = {isa = PBXFileReference; fileEncoding = 4; lastKnownFileType = sourcecode.swift; path = TextFieldDelegate.swift; sourceTree = "<group>"; };
		DA9D72F91DE60DC600676254 /* Bolts.framework */ = {isa = PBXFileReference; lastKnownFileType = wrapper.framework; path = Bolts.framework; sourceTree = "<group>"; };
		DA9D72FB1DE60DE800676254 /* FBSDKLoginKit.framework */ = {isa = PBXFileReference; lastKnownFileType = wrapper.framework; path = FBSDKLoginKit.framework; sourceTree = "<group>"; };
		DA9D72FD1DE60DFC00676254 /* FBSDKShareKit.framework */ = {isa = PBXFileReference; lastKnownFileType = wrapper.framework; path = FBSDKShareKit.framework; sourceTree = "<group>"; };
		DA9D72FF1DE60E0900676254 /* FBSDKCoreKit.framework */ = {isa = PBXFileReference; lastKnownFileType = wrapper.framework; path = FBSDKCoreKit.framework; sourceTree = "<group>"; };
		DAA22E221DDED21B00943546 /* AddStudentLocation.swift */ = {isa = PBXFileReference; fileEncoding = 4; lastKnownFileType = sourcecode.swift; path = AddStudentLocation.swift; sourceTree = "<group>"; };
		DAC913CF1DE4901E00AB6A95 /* MapListSettings.swift */ = {isa = PBXFileReference; fileEncoding = 4; lastKnownFileType = sourcecode.swift; path = MapListSettings.swift; sourceTree = "<group>"; };
		DACD94781DDCC130005C65BB /* Browser.swift */ = {isa = PBXFileReference; fileEncoding = 4; lastKnownFileType = sourcecode.swift; path = Browser.swift; sourceTree = "<group>"; };
		DAD3ABF01DE346A0004D1DA7 /* GCDBlackBox.swift */ = {isa = PBXFileReference; fileEncoding = 4; lastKnownFileType = sourcecode.swift; path = GCDBlackBox.swift; sourceTree = "<group>"; };
		DADCC7961DDAB203005970E0 /* Constants.swift */ = {isa = PBXFileReference; fileEncoding = 4; lastKnownFileType = sourcecode.swift; path = Constants.swift; sourceTree = "<group>"; };
		DADCC7981DDABBDA005970E0 /* ParseAPI.swift */ = {isa = PBXFileReference; fileEncoding = 4; lastKnownFileType = sourcecode.swift; path = ParseAPI.swift; sourceTree = "<group>"; };
		DADCC79A1DDAD420005970E0 /* Alerts.swift */ = {isa = PBXFileReference; fileEncoding = 4; lastKnownFileType = sourcecode.swift; path = Alerts.swift; sourceTree = "<group>"; };
		DAEC78801DE6A41C00DB0F13 /* On The Map.entitlements */ = {isa = PBXFileReference; lastKnownFileType = text.plist.entitlements; path = "On The Map.entitlements"; sourceTree = "<group>"; };
		DAFB40401DD5A8AE006CAB0E /* On The Map.app */ = {isa = PBXFileReference; explicitFileType = wrapper.application; includeInIndex = 0; path = "On The Map.app"; sourceTree = BUILT_PRODUCTS_DIR; };
		DAFB40431DD5A8AE006CAB0E /* AppDelegate.swift */ = {isa = PBXFileReference; lastKnownFileType = sourcecode.swift; path = AppDelegate.swift; sourceTree = "<group>"; };
		DAFB40451DD5A8AE006CAB0E /* LoginViewController.swift */ = {isa = PBXFileReference; lastKnownFileType = sourcecode.swift; path = LoginViewController.swift; sourceTree = "<group>"; };
		DAFB40481DD5A8AE006CAB0E /* Base */ = {isa = PBXFileReference; lastKnownFileType = file.storyboard; name = Base; path = Base.lproj/Main.storyboard; sourceTree = "<group>"; };
		DAFB404A1DD5A8AE006CAB0E /* Assets.xcassets */ = {isa = PBXFileReference; lastKnownFileType = folder.assetcatalog; path = Assets.xcassets; sourceTree = "<group>"; };
		DAFB404D1DD5A8AE006CAB0E /* Base */ = {isa = PBXFileReference; lastKnownFileType = file.storyboard; name = Base; path = Base.lproj/LaunchScreen.storyboard; sourceTree = "<group>"; };
		DAFB404F1DD5A8AE006CAB0E /* Info.plist */ = {isa = PBXFileReference; lastKnownFileType = text.plist.xml; path = Info.plist; sourceTree = "<group>"; };
		DAFB40541DD5A8AE006CAB0E /* On The MapTests.xctest */ = {isa = PBXFileReference; explicitFileType = wrapper.cfbundle; includeInIndex = 0; path = "On The MapTests.xctest"; sourceTree = BUILT_PRODUCTS_DIR; };
		DAFB40581DD5A8AE006CAB0E /* On_The_MapTests.swift */ = {isa = PBXFileReference; lastKnownFileType = sourcecode.swift; path = On_The_MapTests.swift; sourceTree = "<group>"; };
		DAFB405A1DD5A8AE006CAB0E /* Info.plist */ = {isa = PBXFileReference; lastKnownFileType = text.plist.xml; path = Info.plist; sourceTree = "<group>"; };
		DAFB405F1DD5A8AE006CAB0E /* On The MapUITests.xctest */ = {isa = PBXFileReference; explicitFileType = wrapper.cfbundle; includeInIndex = 0; path = "On The MapUITests.xctest"; sourceTree = BUILT_PRODUCTS_DIR; };
		DAFB40631DD5A8AE006CAB0E /* On_The_MapUITests.swift */ = {isa = PBXFileReference; lastKnownFileType = sourcecode.swift; path = On_The_MapUITests.swift; sourceTree = "<group>"; };
		DAFB40651DD5A8AE006CAB0E /* Info.plist */ = {isa = PBXFileReference; lastKnownFileType = text.plist.xml; path = Info.plist; sourceTree = "<group>"; };
/* End PBXFileReference section */

/* Begin PBXFrameworksBuildPhase section */
		DAFB403D1DD5A8AE006CAB0E /* Frameworks */ = {
			isa = PBXFrameworksBuildPhase;
			buildActionMask = 2147483647;
			files = (
				DA9D72FC1DE60DE800676254 /* FBSDKLoginKit.framework in Frameworks */,
				DA9D73001DE60E0900676254 /* FBSDKCoreKit.framework in Frameworks */,
				DA9D72FA1DE60DC600676254 /* Bolts.framework in Frameworks */,
				DA9D72FE1DE60DFC00676254 /* FBSDKShareKit.framework in Frameworks */,
			);
			runOnlyForDeploymentPostprocessing = 0;
		};
		DAFB40511DD5A8AE006CAB0E /* Frameworks */ = {
			isa = PBXFrameworksBuildPhase;
			buildActionMask = 2147483647;
			files = (
			);
			runOnlyForDeploymentPostprocessing = 0;
		};
		DAFB405C1DD5A8AE006CAB0E /* Frameworks */ = {
			isa = PBXFrameworksBuildPhase;
			buildActionMask = 2147483647;
			files = (
			);
			runOnlyForDeploymentPostprocessing = 0;
		};
/* End PBXFrameworksBuildPhase section */

/* Begin PBXGroup section */
		DA8982C71DD96FCB003F5F8E /* View */ = {
			isa = PBXGroup;
			children = (
				DAFB40471DD5A8AE006CAB0E /* Main.storyboard */,
			);
			name = View;
			path = ..;
			sourceTree = "<group>";
		};
		DA8982C81DD9701C003F5F8E /* Supporting Files */ = {
			isa = PBXGroup;
			children = (
				DAFB40431DD5A8AE006CAB0E /* AppDelegate.swift */,
				DACD94781DDCC130005C65BB /* Browser.swift */,
				DAFB404C1DD5A8AE006CAB0E /* LaunchScreen.storyboard */,
				DAFB404F1DD5A8AE006CAB0E /* Info.plist */,
				DADCC7961DDAB203005970E0 /* Constants.swift */,
				DADCC79A1DDAD420005970E0 /* Alerts.swift */,
				DAC913CF1DE4901E00AB6A95 /* MapListSettings.swift */,
				DA9AAEBC1DE746F400D87498 /* TextFieldDelegate.swift */,
				DAD3ABF01DE346A0004D1DA7 /* GCDBlackBox.swift */,
			);
			name = "Supporting Files";
			sourceTree = "<group>";
		};
		DA8982C91DD97088003F5F8E /* Controller */ = {
			isa = PBXGroup;
			children = (
				DAFB40451DD5A8AE006CAB0E /* LoginViewController.swift */,
				DA7D0EDD1DDC034600D12BEF /* MapViewController.swift */,
				DA100D861DE558450000041F /* ListViewController.swift */,
				DAA22E221DDED21B00943546 /* AddStudentLocation.swift */,
			);
			name = Controller;
			sourceTree = "<group>";
		};
		DA8982CA1DD970BF003F5F8E /* Model */ = {
			isa = PBXGroup;
			children = (
				DA8982CB1DD97B25003F5F8E /* UdacityAPI.swift */,
				DADCC7981DDABBDA005970E0 /* ParseAPI.swift */,
				DA7D0ED91DDBE6D000D12BEF /* StudentsData.swift */,
				DA7D0EDB1DDBE76A00D12BEF /* StudentDetails.swift */,
			);
			name = Model;
			sourceTree = "<group>";
		};
		DA9D72F81DE6094A00676254 /* Frameworks */ = {
			isa = PBXGroup;
			children = (
				DA9D72FF1DE60E0900676254 /* FBSDKCoreKit.framework */,
				DA9D72FD1DE60DFC00676254 /* FBSDKShareKit.framework */,
				DA9D72FB1DE60DE800676254 /* FBSDKLoginKit.framework */,
				DA9D72F91DE60DC600676254 /* Bolts.framework */,
			);
			name = Frameworks;
			sourceTree = "<group>";
		};
		DAFB40371DD5A8AD006CAB0E = {
			isa = PBXGroup;
			children = (
				DAFB40421DD5A8AE006CAB0E /* On The Map */,
				DAFB40571DD5A8AE006CAB0E /* On The MapTests */,
				DAFB40621DD5A8AE006CAB0E /* On The MapUITests */,
				DAFB40411DD5A8AE006CAB0E /* Products */,
				DA9D72F81DE6094A00676254 /* Frameworks */,
			);
			sourceTree = "<group>";
		};
		DAFB40411DD5A8AE006CAB0E /* Products */ = {
			isa = PBXGroup;
			children = (
				DAFB40401DD5A8AE006CAB0E /* On The Map.app */,
				DAFB40541DD5A8AE006CAB0E /* On The MapTests.xctest */,
				DAFB405F1DD5A8AE006CAB0E /* On The MapUITests.xctest */,
			);
			name = Products;
			sourceTree = "<group>";
		};
		DAFB40421DD5A8AE006CAB0E /* On The Map */ = {
			isa = PBXGroup;
			children = (
				DAEC78801DE6A41C00DB0F13 /* On The Map.entitlements */,
				DA8982CA1DD970BF003F5F8E /* Model */,
				DA8982C71DD96FCB003F5F8E /* View */,
				DA8982C91DD97088003F5F8E /* Controller */,
				DAFB404A1DD5A8AE006CAB0E /* Assets.xcassets */,
				DA8982C81DD9701C003F5F8E /* Supporting Files */,
			);
			path = "On The Map";
			sourceTree = "<group>";
		};
		DAFB40571DD5A8AE006CAB0E /* On The MapTests */ = {
			isa = PBXGroup;
			children = (
				DAFB40581DD5A8AE006CAB0E /* On_The_MapTests.swift */,
				DAFB405A1DD5A8AE006CAB0E /* Info.plist */,
			);
			path = "On The MapTests";
			sourceTree = "<group>";
		};
		DAFB40621DD5A8AE006CAB0E /* On The MapUITests */ = {
			isa = PBXGroup;
			children = (
				DAFB40631DD5A8AE006CAB0E /* On_The_MapUITests.swift */,
				DAFB40651DD5A8AE006CAB0E /* Info.plist */,
			);
			path = "On The MapUITests";
			sourceTree = "<group>";
		};
/* End PBXGroup section */

/* Begin PBXNativeTarget section */
		DAFB403F1DD5A8AE006CAB0E /* On The Map */ = {
			isa = PBXNativeTarget;
			buildConfigurationList = DAFB40681DD5A8AE006CAB0E /* Build configuration list for PBXNativeTarget "On The Map" */;
			buildPhases = (
				DAFB403C1DD5A8AE006CAB0E /* Sources */,
				DAFB403D1DD5A8AE006CAB0E /* Frameworks */,
				DAFB403E1DD5A8AE006CAB0E /* Resources */,
			);
			buildRules = (
			);
			dependencies = (
			);
			name = "On The Map";
			productName = "On The Map";
			productReference = DAFB40401DD5A8AE006CAB0E /* On The Map.app */;
			productType = "com.apple.product-type.application";
		};
		DAFB40531DD5A8AE006CAB0E /* On The MapTests */ = {
			isa = PBXNativeTarget;
			buildConfigurationList = DAFB406B1DD5A8AE006CAB0E /* Build configuration list for PBXNativeTarget "On The MapTests" */;
			buildPhases = (
				DAFB40501DD5A8AE006CAB0E /* Sources */,
				DAFB40511DD5A8AE006CAB0E /* Frameworks */,
				DAFB40521DD5A8AE006CAB0E /* Resources */,
			);
			buildRules = (
			);
			dependencies = (
				DAFB40561DD5A8AE006CAB0E /* PBXTargetDependency */,
			);
			name = "On The MapTests";
			productName = "On The MapTests";
			productReference = DAFB40541DD5A8AE006CAB0E /* On The MapTests.xctest */;
			productType = "com.apple.product-type.bundle.unit-test";
		};
		DAFB405E1DD5A8AE006CAB0E /* On The MapUITests */ = {
			isa = PBXNativeTarget;
			buildConfigurationList = DAFB406E1DD5A8AE006CAB0E /* Build configuration list for PBXNativeTarget "On The MapUITests" */;
			buildPhases = (
				DAFB405B1DD5A8AE006CAB0E /* Sources */,
				DAFB405C1DD5A8AE006CAB0E /* Frameworks */,
				DAFB405D1DD5A8AE006CAB0E /* Resources */,
			);
			buildRules = (
			);
			dependencies = (
				DAFB40611DD5A8AE006CAB0E /* PBXTargetDependency */,
			);
			name = "On The MapUITests";
			productName = "On The MapUITests";
			productReference = DAFB405F1DD5A8AE006CAB0E /* On The MapUITests.xctest */;
			productType = "com.apple.product-type.bundle.ui-testing";
		};
/* End PBXNativeTarget section */

/* Begin PBXProject section */
		DAFB40381DD5A8AE006CAB0E /* Project object */ = {
			isa = PBXProject;
			attributes = {
				LastSwiftUpdateCheck = 0800;
				LastUpgradeCheck = 0800;
				ORGANIZATIONNAME = LIJORAJU;
				TargetAttributes = {
					DAFB403F1DD5A8AE006CAB0E = {
						CreatedOnToolsVersion = 8.0;
						DevelopmentTeam = V2SA2B936Q;
						ProvisioningStyle = Automatic;
						SystemCapabilities = {
							com.apple.Keychain = {
								enabled = 1;
							};
						};
					};
					DAFB40531DD5A8AE006CAB0E = {
						CreatedOnToolsVersion = 8.0;
						ProvisioningStyle = Automatic;
						TestTargetID = DAFB403F1DD5A8AE006CAB0E;
					};
					DAFB405E1DD5A8AE006CAB0E = {
						CreatedOnToolsVersion = 8.0;
						ProvisioningStyle = Automatic;
						TestTargetID = DAFB403F1DD5A8AE006CAB0E;
					};
				};
			};
			buildConfigurationList = DAFB403B1DD5A8AE006CAB0E /* Build configuration list for PBXProject "On The Map" */;
			compatibilityVersion = "Xcode 3.2";
			developmentRegion = English;
			hasScannedForEncodings = 0;
			knownRegions = (
				en,
				Base,
			);
			mainGroup = DAFB40371DD5A8AD006CAB0E;
			productRefGroup = DAFB40411DD5A8AE006CAB0E /* Products */;
			projectDirPath = "";
			projectRoot = "";
			targets = (
				DAFB403F1DD5A8AE006CAB0E /* On The Map */,
				DAFB40531DD5A8AE006CAB0E /* On The MapTests */,
				DAFB405E1DD5A8AE006CAB0E /* On The MapUITests */,
			);
		};
/* End PBXProject section */

/* Begin PBXResourcesBuildPhase section */
		DAFB403E1DD5A8AE006CAB0E /* Resources */ = {
			isa = PBXResourcesBuildPhase;
			buildActionMask = 2147483647;
			files = (
				DAFB404E1DD5A8AE006CAB0E /* LaunchScreen.storyboard in Resources */,
				DAFB404B1DD5A8AE006CAB0E /* Assets.xcassets in Resources */,
				DAFB40491DD5A8AE006CAB0E /* Main.storyboard in Resources */,
			);
			runOnlyForDeploymentPostprocessing = 0;
		};
		DAFB40521DD5A8AE006CAB0E /* Resources */ = {
			isa = PBXResourcesBuildPhase;
			buildActionMask = 2147483647;
			files = (
			);
			runOnlyForDeploymentPostprocessing = 0;
		};
		DAFB405D1DD5A8AE006CAB0E /* Resources */ = {
			isa = PBXResourcesBuildPhase;
			buildActionMask = 2147483647;
			files = (
			);
			runOnlyForDeploymentPostprocessing = 0;
		};
/* End PBXResourcesBuildPhase section */

/* Begin PBXSourcesBuildPhase section */
		DAFB403C1DD5A8AE006CAB0E /* Sources */ = {
			isa = PBXSourcesBuildPhase;
			buildActionMask = 2147483647;
			files = (
				DACD94791DDCC130005C65BB /* Browser.swift in Sources */,
				DADCC7991DDABBDA005970E0 /* ParseAPI.swift in Sources */,
				DAC913D01DE4901E00AB6A95 /* MapListSettings.swift in Sources */,
				DAFB40461DD5A8AE006CAB0E /* LoginViewController.swift in Sources */,
				DA7D0EDA1DDBE6D000D12BEF /* StudentsData.swift in Sources */,
				DAD3ABF11DE346A0004D1DA7 /* GCDBlackBox.swift in Sources */,
				DA100D871DE558450000041F /* ListViewController.swift in Sources */,
				DAFB40441DD5A8AE006CAB0E /* AppDelegate.swift in Sources */,
				DA9AAEBD1DE746F400D87498 /* TextFieldDelegate.swift in Sources */,
				DA7D0EDE1DDC034600D12BEF /* MapViewController.swift in Sources */,
				DAA22E231DDED21B00943546 /* AddStudentLocation.swift in Sources */,
				DA7D0EDC1DDBE76A00D12BEF /* StudentDetails.swift in Sources */,
				DA8982CC1DD97B25003F5F8E /* UdacityAPI.swift in Sources */,
				DADCC79B1DDAD420005970E0 /* Alerts.swift in Sources */,
				DADCC7971DDAB203005970E0 /* Constants.swift in Sources */,
			);
			runOnlyForDeploymentPostprocessing = 0;
		};
		DAFB40501DD5A8AE006CAB0E /* Sources */ = {
			isa = PBXSourcesBuildPhase;
			buildActionMask = 2147483647;
			files = (
				DAFB40591DD5A8AE006CAB0E /* On_The_MapTests.swift in Sources */,
			);
			runOnlyForDeploymentPostprocessing = 0;
		};
		DAFB405B1DD5A8AE006CAB0E /* Sources */ = {
			isa = PBXSourcesBuildPhase;
			buildActionMask = 2147483647;
			files = (
				DAFB40641DD5A8AE006CAB0E /* On_The_MapUITests.swift in Sources */,
			);
			runOnlyForDeploymentPostprocessing = 0;
		};
/* End PBXSourcesBuildPhase section */

/* Begin PBXTargetDependency section */
		DAFB40561DD5A8AE006CAB0E /* PBXTargetDependency */ = {
			isa = PBXTargetDependency;
			target = DAFB403F1DD5A8AE006CAB0E /* On The Map */;
			targetProxy = DAFB40551DD5A8AE006CAB0E /* PBXContainerItemProxy */;
		};
		DAFB40611DD5A8AE006CAB0E /* PBXTargetDependency */ = {
			isa = PBXTargetDependency;
			target = DAFB403F1DD5A8AE006CAB0E /* On The Map */;
			targetProxy = DAFB40601DD5A8AE006CAB0E /* PBXContainerItemProxy */;
		};
/* End PBXTargetDependency section */

/* Begin PBXVariantGroup section */
		DAFB40471DD5A8AE006CAB0E /* Main.storyboard */ = {
			isa = PBXVariantGroup;
			children = (
				DAFB40481DD5A8AE006CAB0E /* Base */,
			);
			name = Main.storyboard;
			path = "On The Map";
			sourceTree = "<group>";
		};
		DAFB404C1DD5A8AE006CAB0E /* LaunchScreen.storyboard */ = {
			isa = PBXVariantGroup;
			children = (
				DAFB404D1DD5A8AE006CAB0E /* Base */,
			);
			name = LaunchScreen.storyboard;
			sourceTree = "<group>";
		};
/* End PBXVariantGroup section */

/* Begin XCBuildConfiguration section */
		DAFB40661DD5A8AE006CAB0E /* Debug */ = {
			isa = XCBuildConfiguration;
			buildSettings = {
				ALWAYS_SEARCH_USER_PATHS = NO;
				CLANG_ANALYZER_NONNULL = YES;
				CLANG_CXX_LANGUAGE_STANDARD = "gnu++0x";
				CLANG_CXX_LIBRARY = "libc++";
				CLANG_ENABLE_MODULES = YES;
				CLANG_ENABLE_OBJC_ARC = YES;
				CLANG_WARN_BOOL_CONVERSION = YES;
				CLANG_WARN_CONSTANT_CONVERSION = YES;
				CLANG_WARN_DIRECT_OBJC_ISA_USAGE = YES_ERROR;
				CLANG_WARN_DOCUMENTATION_COMMENTS = YES;
				CLANG_WARN_EMPTY_BODY = YES;
				CLANG_WARN_ENUM_CONVERSION = YES;
				CLANG_WARN_INFINITE_RECURSION = YES;
				CLANG_WARN_INT_CONVERSION = YES;
				CLANG_WARN_OBJC_ROOT_CLASS = YES_ERROR;
				CLANG_WARN_SUSPICIOUS_MOVES = YES;
				CLANG_WARN_UNREACHABLE_CODE = YES;
				CLANG_WARN__DUPLICATE_METHOD_MATCH = YES;
				"CODE_SIGN_IDENTITY[sdk=iphoneos*]" = "iPhone Developer";
				COPY_PHASE_STRIP = NO;
				DEBUG_INFORMATION_FORMAT = dwarf;
				ENABLE_STRICT_OBJC_MSGSEND = YES;
				ENABLE_TESTABILITY = YES;
				GCC_C_LANGUAGE_STANDARD = gnu99;
				GCC_DYNAMIC_NO_PIC = NO;
				GCC_NO_COMMON_BLOCKS = YES;
				GCC_OPTIMIZATION_LEVEL = 0;
				GCC_PREPROCESSOR_DEFINITIONS = (
					"DEBUG=1",
					"$(inherited)",
				);
				GCC_WARN_64_TO_32_BIT_CONVERSION = YES;
				GCC_WARN_ABOUT_RETURN_TYPE = YES_ERROR;
				GCC_WARN_UNDECLARED_SELECTOR = YES;
				GCC_WARN_UNINITIALIZED_AUTOS = YES_AGGRESSIVE;
				GCC_WARN_UNUSED_FUNCTION = YES;
				GCC_WARN_UNUSED_VARIABLE = YES;
				IPHONEOS_DEPLOYMENT_TARGET = 10.0;
				MTL_ENABLE_DEBUG_INFO = YES;
				ONLY_ACTIVE_ARCH = YES;
				SDKROOT = iphoneos;
				SWIFT_ACTIVE_COMPILATION_CONDITIONS = DEBUG;
				SWIFT_OPTIMIZATION_LEVEL = "-Onone";
				TARGETED_DEVICE_FAMILY = "1,2";
			};
			name = Debug;
		};
		DAFB40671DD5A8AE006CAB0E /* Release */ = {
			isa = XCBuildConfiguration;
			buildSettings = {
				ALWAYS_SEARCH_USER_PATHS = NO;
				CLANG_ANALYZER_NONNULL = YES;
				CLANG_CXX_LANGUAGE_STANDARD = "gnu++0x";
				CLANG_CXX_LIBRARY = "libc++";
				CLANG_ENABLE_MODULES = YES;
				CLANG_ENABLE_OBJC_ARC = YES;
				CLANG_WARN_BOOL_CONVERSION = YES;
				CLANG_WARN_CONSTANT_CONVERSION = YES;
				CLANG_WARN_DIRECT_OBJC_ISA_USAGE = YES_ERROR;
				CLANG_WARN_DOCUMENTATION_COMMENTS = YES;
				CLANG_WARN_EMPTY_BODY = YES;
				CLANG_WARN_ENUM_CONVERSION = YES;
				CLANG_WARN_INFINITE_RECURSION = YES;
				CLANG_WARN_INT_CONVERSION = YES;
				CLANG_WARN_OBJC_ROOT_CLASS = YES_ERROR;
				CLANG_WARN_SUSPICIOUS_MOVES = YES;
				CLANG_WARN_UNREACHABLE_CODE = YES;
				CLANG_WARN__DUPLICATE_METHOD_MATCH = YES;
				"CODE_SIGN_IDENTITY[sdk=iphoneos*]" = "iPhone Developer";
				COPY_PHASE_STRIP = NO;
				DEBUG_INFORMATION_FORMAT = "dwarf-with-dsym";
				ENABLE_NS_ASSERTIONS = NO;
				ENABLE_STRICT_OBJC_MSGSEND = YES;
				GCC_C_LANGUAGE_STANDARD = gnu99;
				GCC_NO_COMMON_BLOCKS = YES;
				GCC_WARN_64_TO_32_BIT_CONVERSION = YES;
				GCC_WARN_ABOUT_RETURN_TYPE = YES_ERROR;
				GCC_WARN_UNDECLARED_SELECTOR = YES;
				GCC_WARN_UNINITIALIZED_AUTOS = YES_AGGRESSIVE;
				GCC_WARN_UNUSED_FUNCTION = YES;
				GCC_WARN_UNUSED_VARIABLE = YES;
				IPHONEOS_DEPLOYMENT_TARGET = 10.0;
				MTL_ENABLE_DEBUG_INFO = NO;
				SDKROOT = iphoneos;
				SWIFT_OPTIMIZATION_LEVEL = "-Owholemodule";
				TARGETED_DEVICE_FAMILY = "1,2";
				VALIDATE_PRODUCT = YES;
			};
			name = Release;
		};
		DAFB40691DD5A8AE006CAB0E /* Debug */ = {
			isa = XCBuildConfiguration;
			buildSettings = {
				ASSETCATALOG_COMPILER_APPICON_NAME = AppIcon;
				CODE_SIGN_ENTITLEMENTS = "On The Map/On The Map.entitlements";
				DEVELOPMENT_TEAM = V2SA2B936Q;
				FRAMEWORK_SEARCH_PATHS = (
					"$(inherited)",
					"$(PROJECT_DIR)",
				);
				INFOPLIST_FILE = "On The Map/Info.plist";
				LD_RUNPATH_SEARCH_PATHS = "$(inherited) @executable_path/Frameworks";
				PRODUCT_BUNDLE_IDENTIFIER = "lijo.raju.On-The-Map";
				PRODUCT_NAME = "$(TARGET_NAME)";
				SWIFT_VERSION = 3.0;
			};
			name = Debug;
		};
		DAFB406A1DD5A8AE006CAB0E /* Release */ = {
			isa = XCBuildConfiguration;
			buildSettings = {
				ASSETCATALOG_COMPILER_APPICON_NAME = AppIcon;
				CODE_SIGN_ENTITLEMENTS = "On The Map/On The Map.entitlements";
				DEVELOPMENT_TEAM = V2SA2B936Q;
				FRAMEWORK_SEARCH_PATHS = (
					"$(inherited)",
					"$(PROJECT_DIR)",
				);
				INFOPLIST_FILE = "On The Map/Info.plist";
				LD_RUNPATH_SEARCH_PATHS = "$(inherited) @executable_path/Frameworks";
				PRODUCT_BUNDLE_IDENTIFIER = "lijo.raju.On-The-Map";
				PRODUCT_NAME = "$(TARGET_NAME)";
				SWIFT_VERSION = 3.0;
			};
			name = Release;
		};
		DAFB406C1DD5A8AE006CAB0E /* Debug */ = {
			isa = XCBuildConfiguration;
			buildSettings = {
				ALWAYS_EMBED_SWIFT_STANDARD_LIBRARIES = YES;
				BUNDLE_LOADER = "$(TEST_HOST)";
				INFOPLIST_FILE = "On The MapTests/Info.plist";
				LD_RUNPATH_SEARCH_PATHS = "$(inherited) @executable_path/Frameworks @loader_path/Frameworks";
				PRODUCT_BUNDLE_IDENTIFIER = "lijo.raju.On-The-MapTests";
				PRODUCT_NAME = "$(TARGET_NAME)";
				SWIFT_VERSION = 3.0;
				TEST_HOST = "$(BUILT_PRODUCTS_DIR)/On The Map.app/On The Map";
			};
			name = Debug;
		};
		DAFB406D1DD5A8AE006CAB0E /* Release */ = {
			isa = XCBuildConfiguration;
			buildSettings = {
				ALWAYS_EMBED_SWIFT_STANDARD_LIBRARIES = YES;
				BUNDLE_LOADER = "$(TEST_HOST)";
				INFOPLIST_FILE = "On The MapTests/Info.plist";
				LD_RUNPATH_SEARCH_PATHS = "$(inherited) @executable_path/Frameworks @loader_path/Frameworks";
				PRODUCT_BUNDLE_IDENTIFIER = "lijo.raju.On-The-MapTests";
				PRODUCT_NAME = "$(TARGET_NAME)";
				SWIFT_VERSION = 3.0;
				TEST_HOST = "$(BUILT_PRODUCTS_DIR)/On The Map.app/On The Map";
			};
			name = Release;
		};
		DAFB406F1DD5A8AE006CAB0E /* Debug */ = {
			isa = XCBuildConfiguration;
			buildSettings = {
				ALWAYS_EMBED_SWIFT_STANDARD_LIBRARIES = YES;
				INFOPLIST_FILE = "On The MapUITests/Info.plist";
				LD_RUNPATH_SEARCH_PATHS = "$(inherited) @executable_path/Frameworks @loader_path/Frameworks";
				PRODUCT_BUNDLE_IDENTIFIER = "lijo.raju.On-The-MapUITests";
				PRODUCT_NAME = "$(TARGET_NAME)";
				SWIFT_VERSION = 3.0;
				TEST_TARGET_NAME = "On The Map";
			};
			name = Debug;
		};
		DAFB40701DD5A8AE006CAB0E /* Release */ = {
			isa = XCBuildConfiguration;
			buildSettings = {
				ALWAYS_EMBED_SWIFT_STANDARD_LIBRARIES = YES;
				INFOPLIST_FILE = "On The MapUITests/Info.plist";
				LD_RUNPATH_SEARCH_PATHS = "$(inherited) @executable_path/Frameworks @loader_path/Frameworks";
				PRODUCT_BUNDLE_IDENTIFIER = "lijo.raju.On-The-MapUITests";
				PRODUCT_NAME = "$(TARGET_NAME)";
				SWIFT_VERSION = 3.0;
				TEST_TARGET_NAME = "On The Map";
			};
			name = Release;
		};
/* End XCBuildConfiguration section */

/* Begin XCConfigurationList section */
		DAFB403B1DD5A8AE006CAB0E /* Build configuration list for PBXProject "On The Map" */ = {
			isa = XCConfigurationList;
			buildConfigurations = (
				DAFB40661DD5A8AE006CAB0E /* Debug */,
				DAFB40671DD5A8AE006CAB0E /* Release */,
			);
			defaultConfigurationIsVisible = 0;
			defaultConfigurationName = Release;
		};
		DAFB40681DD5A8AE006CAB0E /* Build configuration list for PBXNativeTarget "On The Map" */ = {
			isa = XCConfigurationList;
			buildConfigurations = (
				DAFB40691DD5A8AE006CAB0E /* Debug */,
				DAFB406A1DD5A8AE006CAB0E /* Release */,
			);
			defaultConfigurationIsVisible = 0;
			defaultConfigurationName = Release;
		};
		DAFB406B1DD5A8AE006CAB0E /* Build configuration list for PBXNativeTarget "On The MapTests" */ = {
			isa = XCConfigurationList;
			buildConfigurations = (
				DAFB406C1DD5A8AE006CAB0E /* Debug */,
				DAFB406D1DD5A8AE006CAB0E /* Release */,
			);
			defaultConfigurationIsVisible = 0;
			defaultConfigurationName = Release;
		};
		DAFB406E1DD5A8AE006CAB0E /* Build configuration list for PBXNativeTarget "On The MapUITests" */ = {
			isa = XCConfigurationList;
			buildConfigurations = (
				DAFB406F1DD5A8AE006CAB0E /* Debug */,
				DAFB40701DD5A8AE006CAB0E /* Release */,
			);
			defaultConfigurationIsVisible = 0;
			defaultConfigurationName = Release;
		};
/* End XCConfigurationList section */
	};
	rootObject = DAFB40381DD5A8AE006CAB0E /* Project object */;
}
